
Microsoft Visual Studio Solution File, Format Version 12.00
# Visual Studio Version 17
VisualStudioVersion = 17.7.34009.444
MinimumVisualStudioVersion = 10.0.40219.1
Project("{FAE04EC0-301F-11D3-BF4B-00C04F79EFBC}") = "WebApplTerraform", "WebApplTerraform\WebApplTerraform.csproj", "{84951FB5-E1B9-41A7-A1A1-31DAEC8CB830}"
EndProject
Global
	GlobalSection(SolutionConfigurationPlatforms) = preSolution
		Debug|Any CPU = Debug|Any CPU
		Release|Any CPU = Release|Any CPU
	EndGlobalSection
	GlobalSection(ProjectConfigurationPlatforms) = postSolution
		{84951FB5-E1B9-41A7-A1A1-31DAEC8CB830}.Debug|Any CPU.ActiveCfg = Debug|Any CPU
		{84951FB5-E1B9-41A7-A1A1-31DAEC8CB830}.Debug|Any CPU.Build.0 = Debug|Any CPU
		{84951FB5-E1B9-41A7-A1A1-31DAEC8CB830}.Release|Any CPU.ActiveCfg = Release|Any CPU
		{84951FB5-E1B9-41A7-A1A1-31DAEC8CB830}.Release|Any CPU.Build.0 = Release|Any CPU
	EndGlobalSection
	GlobalSection(SolutionProperties) = preSolution
		HideSolutionNode = FALSE
	EndGlobalSection
	GlobalSection(ExtensibilityGlobals) = postSolution
		SolutionGuid = {47BDF9B3-DE87-4817-AB4A-4C6D9443A9FF}
	EndGlobalSection
EndGlobal
